{
  "name": "vuln",
  "version": "1.0.0",
  "lockfileVersion": 3,
  "requires": true,
  "author": "Security Research",
  "description": "AI-powered web vulnerability scanner for educational purposes",
  "keywords": [
    "security",
    "vulnerability",
    "scanner",
    "ai",
    "education"
  ],
  "license": "MIT",
  "main": "server.js",
  "packages": {},
  "devDependencies": {
    "nodemon": "^3.0.1"
  },
  "scripts": {
    "dev": "nodemon server.js",
    "start": "node server.js"
  }
}
